
Microsoft Visual Studio Solution File, Format Version 12.00
# Visual Studio Version 16
VisualStudioVersion = 16.0.29806.167
MinimumVisualStudioVersion = 10.0.40219.1
Project("{9A19103F-16F7-4668-BE54-9A1E7A4F7556}") = "OpenTracker", "OpenTracker\OpenTracker.csproj", "{9D32A24F-7FF0-4632-B663-5AD2D64A6C87}"
EndProject
Project("{9A19103F-16F7-4668-BE54-9A1E7A4F7556}") = "OpenTracker.Models", "OpenTracker.Models\OpenTracker.Models.csproj", "{5DB05A1F-56E3-4035-8898-5CFB22DB3568}"
EndProject
Project("{54435603-DBB4-11D2-8724-00A0C9A8B90C}") = "OpenTracker.Setup", "OpenTracker.Setup\OpenTracker.Setup.vdproj", "{DB115491-340A-452D-93EB-9D843273F45D}"
EndProject
Global
	GlobalSection(SolutionConfigurationPlatforms) = preSolution
		Debug|Any CPU = Debug|Any CPU
		Release|Any CPU = Release|Any CPU
	EndGlobalSection
	GlobalSection(ProjectConfigurationPlatforms) = postSolution
		{9D32A24F-7FF0-4632-B663-5AD2D64A6C87}.Debug|Any CPU.ActiveCfg = Debug|Any CPU
		{9D32A24F-7FF0-4632-B663-5AD2D64A6C87}.Debug|Any CPU.Build.0 = Debug|Any CPU
		{9D32A24F-7FF0-4632-B663-5AD2D64A6C87}.Release|Any CPU.ActiveCfg = Release|Any CPU
		{9D32A24F-7FF0-4632-B663-5AD2D64A6C87}.Release|Any CPU.Build.0 = Release|Any CPU
		{5DB05A1F-56E3-4035-8898-5CFB22DB3568}.Debug|Any CPU.ActiveCfg = Debug|Any CPU
		{5DB05A1F-56E3-4035-8898-5CFB22DB3568}.Debug|Any CPU.Build.0 = Debug|Any CPU
		{5DB05A1F-56E3-4035-8898-5CFB22DB3568}.Release|Any CPU.ActiveCfg = Release|Any CPU
		{5DB05A1F-56E3-4035-8898-5CFB22DB3568}.Release|Any CPU.Build.0 = Release|Any CPU
		{DB115491-340A-452D-93EB-9D843273F45D}.Debug|Any CPU.ActiveCfg = Debug
		{DB115491-340A-452D-93EB-9D843273F45D}.Release|Any CPU.ActiveCfg = Release
	EndGlobalSection
	GlobalSection(SolutionProperties) = preSolution
		HideSolutionNode = FALSE
	EndGlobalSection
	GlobalSection(ExtensibilityGlobals) = postSolution
		SolutionGuid = {868CD9CE-E3FC-4B46-B3DA-C05258D838A4}
	EndGlobalSection
EndGlobal
