
Microsoft Visual Studio Solution File, Format Version 12.00
# Visual Studio Version 16
VisualStudioVersion = 16.0.29806.167
MinimumVisualStudioVersion = 10.0.40219.1
Project("{9A19103F-16F7-4668-BE54-9A1E7A4F7556}") = "OpenTracker", "OpenTracker\OpenTracker.csproj", "{9D32A24F-7FF0-4632-B663-5AD2D64A6C87}"
	ProjectSection(ProjectDependencies) = postProject
		{732A9A56-32B4-4149-B3A5-F2A4F48293D3} = {732A9A56-32B4-4149-B3A5-F2A4F48293D3}
	EndProjectSection
EndProject
Project("{9A19103F-16F7-4668-BE54-9A1E7A4F7556}") = "OpenTracker.Models", "OpenTracker.Models\OpenTracker.Models.csproj", "{5DB05A1F-56E3-4035-8898-5CFB22DB3568}"
EndProject
Project("{54435603-DBB4-11D2-8724-00A0C9A8B90C}") = "OpenTracker.Setup", "OpenTracker.Setup\OpenTracker.Setup.vdproj", "{DB115491-340A-452D-93EB-9D843273F45D}"
EndProject
Project("{9A19103F-16F7-4668-BE54-9A1E7A4F7556}") = "OpenTracker.UnitTests", "OpenTracker.UnitTests\OpenTracker.UnitTests.csproj", "{E97EA1E8-352B-4FDF-97F3-7C679BFA8D6A}"
EndProject
Project("{9A19103F-16F7-4668-BE54-9A1E7A4F7556}") = "Avalonia.ThemeManager", "Avalonia.ThemeManager\Avalonia.ThemeManager.csproj", "{732A9A56-32B4-4149-B3A5-F2A4F48293D3}"
EndProject
Project("{FAE04EC0-301F-11D3-BF4B-00C04F79EFBC}") = "OpenTracker.Utils", "OpenTracker.Utils\OpenTracker.Utils.csproj", "{05AB9FA2-4119-45E0-B4E6-C5B8CB9BA697}"
EndProject
Global
	GlobalSection(SolutionConfigurationPlatforms) = preSolution
		Debug|Any CPU = Debug|Any CPU
		Release|Any CPU = Release|Any CPU
	EndGlobalSection
	GlobalSection(ProjectConfigurationPlatforms) = postSolution
		{9D32A24F-7FF0-4632-B663-5AD2D64A6C87}.Debug|Any CPU.ActiveCfg = Debug|Any CPU
		{9D32A24F-7FF0-4632-B663-5AD2D64A6C87}.Debug|Any CPU.Build.0 = Debug|Any CPU
		{9D32A24F-7FF0-4632-B663-5AD2D64A6C87}.Release|Any CPU.ActiveCfg = Release|Any CPU
		{9D32A24F-7FF0-4632-B663-5AD2D64A6C87}.Release|Any CPU.Build.0 = Release|Any CPU
		{5DB05A1F-56E3-4035-8898-5CFB22DB3568}.Debug|Any CPU.ActiveCfg = Debug|Any CPU
		{5DB05A1F-56E3-4035-8898-5CFB22DB3568}.Debug|Any CPU.Build.0 = Debug|Any CPU
		{5DB05A1F-56E3-4035-8898-5CFB22DB3568}.Release|Any CPU.ActiveCfg = Release|Any CPU
		{5DB05A1F-56E3-4035-8898-5CFB22DB3568}.Release|Any CPU.Build.0 = Release|Any CPU
		{DB115491-340A-452D-93EB-9D843273F45D}.Debug|Any CPU.ActiveCfg = Debug
		{DB115491-340A-452D-93EB-9D843273F45D}.Release|Any CPU.ActiveCfg = Release
		{E97EA1E8-352B-4FDF-97F3-7C679BFA8D6A}.Debug|Any CPU.ActiveCfg = Debug|Any CPU
		{E97EA1E8-352B-4FDF-97F3-7C679BFA8D6A}.Debug|Any CPU.Build.0 = Debug|Any CPU
		{E97EA1E8-352B-4FDF-97F3-7C679BFA8D6A}.Release|Any CPU.ActiveCfg = Release|Any CPU
		{E97EA1E8-352B-4FDF-97F3-7C679BFA8D6A}.Release|Any CPU.Build.0 = Release|Any CPU
		{732A9A56-32B4-4149-B3A5-F2A4F48293D3}.Debug|Any CPU.ActiveCfg = Debug|Any CPU
		{732A9A56-32B4-4149-B3A5-F2A4F48293D3}.Debug|Any CPU.Build.0 = Debug|Any CPU
		{732A9A56-32B4-4149-B3A5-F2A4F48293D3}.Release|Any CPU.ActiveCfg = Release|Any CPU
		{732A9A56-32B4-4149-B3A5-F2A4F48293D3}.Release|Any CPU.Build.0 = Release|Any CPU
		{05AB9FA2-4119-45E0-B4E6-C5B8CB9BA697}.Debug|Any CPU.ActiveCfg = Debug|Any CPU
		{05AB9FA2-4119-45E0-B4E6-C5B8CB9BA697}.Debug|Any CPU.Build.0 = Debug|Any CPU
		{05AB9FA2-4119-45E0-B4E6-C5B8CB9BA697}.Release|Any CPU.ActiveCfg = Release|Any CPU
		{05AB9FA2-4119-45E0-B4E6-C5B8CB9BA697}.Release|Any CPU.Build.0 = Release|Any CPU
	EndGlobalSection
	GlobalSection(SolutionProperties) = preSolution
		HideSolutionNode = FALSE
	EndGlobalSection
	GlobalSection(ExtensibilityGlobals) = postSolution
		SolutionGuid = {868CD9CE-E3FC-4B46-B3DA-C05258D838A4}
	EndGlobalSection
EndGlobal
